
Microsoft Visual Studio Solution File, Format Version 12.00
# Visual Studio Version 17
VisualStudioVersion = 17.14.36603.0
MinimumVisualStudioVersion = 10.0.40219.1
Project("{FAE04EC0-301F-11D3-BF4B-00C04F79EFBC}") = "ADO", "ADO\ADO.csproj", "{D5684061-531B-4B1F-9FDC-0EB723E7706B}"
EndProject
Project("{FAE04EC0-301F-11D3-BF4B-00C04F79EFBC}") = "DBtools", "DBtools\DBtools.csproj", "{5CB6432D-E730-400E-830E-463EE7CACF03}"
EndProject
Project("{FAE04EC0-301F-11D3-BF4B-00C04F79EFBC}") = "DLLtest", "DLLtest\DLLtest.csproj", "{91D40EC7-46AD-41AB-8704-47CE6E0A206F}"
EndProject
Project("{FAE04EC0-301F-11D3-BF4B-00C04F79EFBC}") = "Academy", "Academy\Academy.csproj", "{9B3B049E-0C49-40CB-87B9-29F1607F7FCC}"
EndProject
Project("{FAE04EC0-301F-11D3-BF4B-00C04F79EFBC}") = "AcademyWPF", "AcademyWPF\AcademyWPF.csproj", "{0C4A74D2-7AC8-4DEC-81B6-E2435FD301E6}"
EndProject
Global
	GlobalSection(SolutionConfigurationPlatforms) = preSolution
		Debug|Any CPU = Debug|Any CPU
		Release|Any CPU = Release|Any CPU
	EndGlobalSection
	GlobalSection(ProjectConfigurationPlatforms) = postSolution
		{D5684061-531B-4B1F-9FDC-0EB723E7706B}.Debug|Any CPU.ActiveCfg = Debug|Any CPU
		{D5684061-531B-4B1F-9FDC-0EB723E7706B}.Debug|Any CPU.Build.0 = Debug|Any CPU
		{D5684061-531B-4B1F-9FDC-0EB723E7706B}.Release|Any CPU.ActiveCfg = Release|Any CPU
		{D5684061-531B-4B1F-9FDC-0EB723E7706B}.Release|Any CPU.Build.0 = Release|Any CPU
		{5CB6432D-E730-400E-830E-463EE7CACF03}.Debug|Any CPU.ActiveCfg = Debug|Any CPU
		{5CB6432D-E730-400E-830E-463EE7CACF03}.Debug|Any CPU.Build.0 = Debug|Any CPU
		{5CB6432D-E730-400E-830E-463EE7CACF03}.Release|Any CPU.ActiveCfg = Release|Any CPU
		{5CB6432D-E730-400E-830E-463EE7CACF03}.Release|Any CPU.Build.0 = Release|Any CPU
		{91D40EC7-46AD-41AB-8704-47CE6E0A206F}.Debug|Any CPU.ActiveCfg = Debug|Any CPU
		{91D40EC7-46AD-41AB-8704-47CE6E0A206F}.Debug|Any CPU.Build.0 = Debug|Any CPU
		{91D40EC7-46AD-41AB-8704-47CE6E0A206F}.Release|Any CPU.ActiveCfg = Release|Any CPU
		{91D40EC7-46AD-41AB-8704-47CE6E0A206F}.Release|Any CPU.Build.0 = Release|Any CPU
		{9B3B049E-0C49-40CB-87B9-29F1607F7FCC}.Debug|Any CPU.ActiveCfg = Debug|Any CPU
		{9B3B049E-0C49-40CB-87B9-29F1607F7FCC}.Debug|Any CPU.Build.0 = Debug|Any CPU
		{9B3B049E-0C49-40CB-87B9-29F1607F7FCC}.Release|Any CPU.ActiveCfg = Release|Any CPU
		{9B3B049E-0C49-40CB-87B9-29F1607F7FCC}.Release|Any CPU.Build.0 = Release|Any CPU
		{0C4A74D2-7AC8-4DEC-81B6-E2435FD301E6}.Debug|Any CPU.ActiveCfg = Debug|Any CPU
		{0C4A74D2-7AC8-4DEC-81B6-E2435FD301E6}.Debug|Any CPU.Build.0 = Debug|Any CPU
		{0C4A74D2-7AC8-4DEC-81B6-E2435FD301E6}.Release|Any CPU.ActiveCfg = Release|Any CPU
		{0C4A74D2-7AC8-4DEC-81B6-E2435FD301E6}.Release|Any CPU.Build.0 = Release|Any CPU
	EndGlobalSection
	GlobalSection(SolutionProperties) = preSolution
		HideSolutionNode = FALSE
	EndGlobalSection
	GlobalSection(ExtensibilityGlobals) = postSolution
		SolutionGuid = {F38E2575-1AF2-4084-8C58-AB7A90E3652B}
	EndGlobalSection
EndGlobal
